
Microsoft Visual Studio Solution File, Format Version 12.00
# Visual Studio 15
VisualStudioVersion = 15.0.28307.102
MinimumVisualStudioVersion = 10.0.40219.1
Project("{8BC9CEB8-8B4A-11D0-8D11-00A0C91BC942}") = "28.2.19", "28.2.19\28.2.19.vcxproj", "{9E267CCF-4D2D-4A61-9FD4-225A602ABB37}"
EndProject
Global
	GlobalSection(SolutionConfigurationPlatforms) = preSolution
		Debug|x64 = Debug|x64
		Debug|x86 = Debug|x86
		Release|x64 = Release|x64
		Release|x86 = Release|x86
	EndGlobalSection
	GlobalSection(ProjectConfigurationPlatforms) = postSolution
		{9E267CCF-4D2D-4A61-9FD4-225A602ABB37}.Debug|x64.ActiveCfg = Debug|x64
		{9E267CCF-4D2D-4A61-9FD4-225A602ABB37}.Debug|x64.Build.0 = Debug|x64
		{9E267CCF-4D2D-4A61-9FD4-225A602ABB37}.Debug|x86.ActiveCfg = Debug|Win32
		{9E267CCF-4D2D-4A61-9FD4-225A602ABB37}.Debug|x86.Build.0 = Debug|Win32
		{9E267CCF-4D2D-4A61-9FD4-225A602ABB37}.Release|x64.ActiveCfg = Release|x64
		{9E267CCF-4D2D-4A61-9FD4-225A602ABB37}.Release|x64.Build.0 = Release|x64
		{9E267CCF-4D2D-4A61-9FD4-225A602ABB37}.Release|x86.ActiveCfg = Release|Win32
		{9E267CCF-4D2D-4A61-9FD4-225A602ABB37}.Release|x86.Build.0 = Release|Win32
	EndGlobalSection
	GlobalSection(SolutionProperties) = preSolution
		HideSolutionNode = FALSE
	EndGlobalSection
	GlobalSection(ExtensibilityGlobals) = postSolution
		SolutionGuid = {1B1393EB-979C-48B5-978C-360BB7AD63D7}
	EndGlobalSection
EndGlobal
