
Microsoft Visual Studio Solution File, Format Version 12.00
# Visual Studio 15
VisualStudioVersion = 15.0.28307.572
MinimumVisualStudioVersion = 10.0.40219.1
Project("{8BC9CEB8-8B4A-11D0-8D11-00A0C91BC942}") = "10.03", "10.03\10.03.vcxproj", "{6A159936-4CC1-4446-B7ED-A8E4D6172CBC}"
EndProject
Global
	GlobalSection(SolutionConfigurationPlatforms) = preSolution
		Debug|x64 = Debug|x64
		Debug|x86 = Debug|x86
		Release|x64 = Release|x64
		Release|x86 = Release|x86
	EndGlobalSection
	GlobalSection(ProjectConfigurationPlatforms) = postSolution
		{6A159936-4CC1-4446-B7ED-A8E4D6172CBC}.Debug|x64.ActiveCfg = Debug|x64
		{6A159936-4CC1-4446-B7ED-A8E4D6172CBC}.Debug|x64.Build.0 = Debug|x64
		{6A159936-4CC1-4446-B7ED-A8E4D6172CBC}.Debug|x86.ActiveCfg = Debug|Win32
		{6A159936-4CC1-4446-B7ED-A8E4D6172CBC}.Debug|x86.Build.0 = Debug|Win32
		{6A159936-4CC1-4446-B7ED-A8E4D6172CBC}.Release|x64.ActiveCfg = Release|x64
		{6A159936-4CC1-4446-B7ED-A8E4D6172CBC}.Release|x64.Build.0 = Release|x64
		{6A159936-4CC1-4446-B7ED-A8E4D6172CBC}.Release|x86.ActiveCfg = Release|Win32
		{6A159936-4CC1-4446-B7ED-A8E4D6172CBC}.Release|x86.Build.0 = Release|Win32
	EndGlobalSection
	GlobalSection(SolutionProperties) = preSolution
		HideSolutionNode = FALSE
	EndGlobalSection
	GlobalSection(ExtensibilityGlobals) = postSolution
		SolutionGuid = {6D29F2B6-AC3E-4557-859B-CE719D94ED6D}
	EndGlobalSection
EndGlobal
