
Microsoft Visual Studio Solution File, Format Version 12.00
# Visual Studio 15
VisualStudioVersion = 15.0.28307.421
MinimumVisualStudioVersion = 10.0.40219.1
Project("{8BC9CEB8-8B4A-11D0-8D11-00A0C91BC942}") = "10.02.19", "10.02.19\10.02.19.vcxproj", "{3B90859F-944B-4866-BD6D-92B2B995D1DF}"
EndProject
Global
	GlobalSection(SolutionConfigurationPlatforms) = preSolution
		Debug|x64 = Debug|x64
		Debug|x86 = Debug|x86
		Release|x64 = Release|x64
		Release|x86 = Release|x86
	EndGlobalSection
	GlobalSection(ProjectConfigurationPlatforms) = postSolution
		{3B90859F-944B-4866-BD6D-92B2B995D1DF}.Debug|x64.ActiveCfg = Debug|x64
		{3B90859F-944B-4866-BD6D-92B2B995D1DF}.Debug|x64.Build.0 = Debug|x64
		{3B90859F-944B-4866-BD6D-92B2B995D1DF}.Debug|x86.ActiveCfg = Debug|Win32
		{3B90859F-944B-4866-BD6D-92B2B995D1DF}.Debug|x86.Build.0 = Debug|Win32
		{3B90859F-944B-4866-BD6D-92B2B995D1DF}.Release|x64.ActiveCfg = Release|x64
		{3B90859F-944B-4866-BD6D-92B2B995D1DF}.Release|x64.Build.0 = Release|x64
		{3B90859F-944B-4866-BD6D-92B2B995D1DF}.Release|x86.ActiveCfg = Release|Win32
		{3B90859F-944B-4866-BD6D-92B2B995D1DF}.Release|x86.Build.0 = Release|Win32
	EndGlobalSection
	GlobalSection(SolutionProperties) = preSolution
		HideSolutionNode = FALSE
	EndGlobalSection
	GlobalSection(ExtensibilityGlobals) = postSolution
		SolutionGuid = {5A7191CB-1F98-4808-9C37-25D6819A4F07}
	EndGlobalSection
EndGlobal
