
Microsoft Visual Studio Solution File, Format Version 12.00
# Visual Studio 15
VisualStudioVersion = 15.0.28307.102
MinimumVisualStudioVersion = 10.0.40219.1
Project("{8BC9CEB8-8B4A-11D0-8D11-00A0C91BC942}") = "19.2.19", "19.2.19\19.2.19.vcxproj", "{945D4AE8-277B-4406-AE76-A7B0DB1E8080}"
EndProject
Global
	GlobalSection(SolutionConfigurationPlatforms) = preSolution
		Debug|x64 = Debug|x64
		Debug|x86 = Debug|x86
		Release|x64 = Release|x64
		Release|x86 = Release|x86
	EndGlobalSection
	GlobalSection(ProjectConfigurationPlatforms) = postSolution
		{945D4AE8-277B-4406-AE76-A7B0DB1E8080}.Debug|x64.ActiveCfg = Debug|x64
		{945D4AE8-277B-4406-AE76-A7B0DB1E8080}.Debug|x64.Build.0 = Debug|x64
		{945D4AE8-277B-4406-AE76-A7B0DB1E8080}.Debug|x86.ActiveCfg = Debug|Win32
		{945D4AE8-277B-4406-AE76-A7B0DB1E8080}.Debug|x86.Build.0 = Debug|Win32
		{945D4AE8-277B-4406-AE76-A7B0DB1E8080}.Release|x64.ActiveCfg = Release|x64
		{945D4AE8-277B-4406-AE76-A7B0DB1E8080}.Release|x64.Build.0 = Release|x64
		{945D4AE8-277B-4406-AE76-A7B0DB1E8080}.Release|x86.ActiveCfg = Release|Win32
		{945D4AE8-277B-4406-AE76-A7B0DB1E8080}.Release|x86.Build.0 = Release|Win32
	EndGlobalSection
	GlobalSection(SolutionProperties) = preSolution
		HideSolutionNode = FALSE
	EndGlobalSection
	GlobalSection(ExtensibilityGlobals) = postSolution
		SolutionGuid = {A1EA94AB-4D1A-4FBA-B279-46877606137A}
	EndGlobalSection
EndGlobal
